
Microsoft Visual Studio Solution File, Format Version 12.00
# Visual Studio Version 17
VisualStudioVersion = 17.8.34330.188
MinimumVisualStudioVersion = 10.0.40219.1
Project("{FAE04EC0-301F-11D3-BF4B-00C04F79EFBC}") = "ProjectCar", "ProjectCar\ProjectCar.csproj", "{3BF5C95D-F7FA-468D-A527-960AB89EA2EC}"
EndProject
Global
	GlobalSection(SolutionConfigurationPlatforms) = preSolution
		Debug|Any CPU = Debug|Any CPU
		Release|Any CPU = Release|Any CPU
	EndGlobalSection
	GlobalSection(ProjectConfigurationPlatforms) = postSolution
		{3BF5C95D-F7FA-468D-A527-960AB89EA2EC}.Debug|Any CPU.ActiveCfg = Debug|Any CPU
		{3BF5C95D-F7FA-468D-A527-960AB89EA2EC}.Debug|Any CPU.Build.0 = Debug|Any CPU
		{3BF5C95D-F7FA-468D-A527-960AB89EA2EC}.Release|Any CPU.ActiveCfg = Release|Any CPU
		{3BF5C95D-F7FA-468D-A527-960AB89EA2EC}.Release|Any CPU.Build.0 = Release|Any CPU
	EndGlobalSection
	GlobalSection(SolutionProperties) = preSolution
		HideSolutionNode = FALSE
	EndGlobalSection
	GlobalSection(ExtensibilityGlobals) = postSolution
		SolutionGuid = {7CB3D927-4D60-4C56-A9F4-0C712ECB1427}
	EndGlobalSection
EndGlobal
