
Microsoft Visual Studio Solution File, Format Version 12.00
# Visual Studio Version 17
VisualStudioVersion = 17.8.34330.188
MinimumVisualStudioVersion = 10.0.40219.1
Project("{FAE04EC0-301F-11D3-BF4B-00C04F79EFBC}") = "ConsoleApp1", "ConsoleApp1\ConsoleApp1.csproj", "{DA6524B3-8856-4FE4-81A5-DA49E4575616}"
EndProject
Global
	GlobalSection(SolutionConfigurationPlatforms) = preSolution
		Debug|Any CPU = Debug|Any CPU
		Release|Any CPU = Release|Any CPU
	EndGlobalSection
	GlobalSection(ProjectConfigurationPlatforms) = postSolution
		{DA6524B3-8856-4FE4-81A5-DA49E4575616}.Debug|Any CPU.ActiveCfg = Debug|Any CPU
		{DA6524B3-8856-4FE4-81A5-DA49E4575616}.Debug|Any CPU.Build.0 = Debug|Any CPU
		{DA6524B3-8856-4FE4-81A5-DA49E4575616}.Release|Any CPU.ActiveCfg = Release|Any CPU
		{DA6524B3-8856-4FE4-81A5-DA49E4575616}.Release|Any CPU.Build.0 = Release|Any CPU
	EndGlobalSection
	GlobalSection(SolutionProperties) = preSolution
		HideSolutionNode = FALSE
	EndGlobalSection
	GlobalSection(ExtensibilityGlobals) = postSolution
		SolutionGuid = {E8C8AAA6-3B03-4E32-A0B2-7C34BB243D42}
	EndGlobalSection
EndGlobal
